
Microsoft Visual Studio Solution File, Format Version 12.00
# Visual Studio Version 17
VisualStudioVersion = 17.13.35913.81 d17.13
MinimumVisualStudioVersion = 10.0.40219.1
Project("{FAE04EC0-301F-11D3-BF4B-00C04F79EFBC}") = "desafioLogin", "desafioLogin\desafioLogin.csproj", "{39AB3BA9-5C36-4831-B7D3-FA65A4D4BCD0}"
EndProject
Global
	GlobalSection(SolutionConfigurationPlatforms) = preSolution
		Debug|Any CPU = Debug|Any CPU
		Release|Any CPU = Release|Any CPU
	EndGlobalSection
	GlobalSection(ProjectConfigurationPlatforms) = postSolution
		{39AB3BA9-5C36-4831-B7D3-FA65A4D4BCD0}.Debug|Any CPU.ActiveCfg = Debug|Any CPU
		{39AB3BA9-5C36-4831-B7D3-FA65A4D4BCD0}.Debug|Any CPU.Build.0 = Debug|Any CPU
		{39AB3BA9-5C36-4831-B7D3-FA65A4D4BCD0}.Release|Any CPU.ActiveCfg = Release|Any CPU
		{39AB3BA9-5C36-4831-B7D3-FA65A4D4BCD0}.Release|Any CPU.Build.0 = Release|Any CPU
	EndGlobalSection
	GlobalSection(SolutionProperties) = preSolution
		HideSolutionNode = FALSE
	EndGlobalSection
	GlobalSection(ExtensibilityGlobals) = postSolution
		SolutionGuid = {943AF454-9430-471E-99FB-4C055EBCA9BD}
	EndGlobalSection
EndGlobal
